
Microsoft Visual Studio Solution File, Format Version 11.00
# Visual Studio 2010
Project("{FAE04EC0-301F-11D3-BF4B-00C04F79EFBC}") = "watson test", "Assembly-CSharp.csproj", "{BE126696-240B-3DFF-0AB7-50B65CBE67D5}"
EndProject
Project("{FAE04EC0-301F-11D3-BF4B-00C04F79EFBC}") = "watson test", "Assembly-CSharp-Editor.csproj", "{367A4515-DFCD-55D1-0066-EB84C1AB631A}"
EndProject
Global
	GlobalSection(SolutionConfigurationPlatforms) = preSolution
		Debug|Any CPU = Debug|Any CPU
		Release|Any CPU = Release|Any CPU
	EndGlobalSection
	GlobalSection(ProjectConfigurationPlatforms) = postSolution
		{BE126696-240B-3DFF-0AB7-50B65CBE67D5}.Debug|Any CPU.ActiveCfg = Debug|Any CPU
		{BE126696-240B-3DFF-0AB7-50B65CBE67D5}.Debug|Any CPU.Build.0 = Debug|Any CPU
		{BE126696-240B-3DFF-0AB7-50B65CBE67D5}.Release|Any CPU.ActiveCfg = Release|Any CPU
		{BE126696-240B-3DFF-0AB7-50B65CBE67D5}.Release|Any CPU.Build.0 = Release|Any CPU
		{367A4515-DFCD-55D1-0066-EB84C1AB631A}.Debug|Any CPU.ActiveCfg = Debug|Any CPU
		{367A4515-DFCD-55D1-0066-EB84C1AB631A}.Debug|Any CPU.Build.0 = Debug|Any CPU
		{367A4515-DFCD-55D1-0066-EB84C1AB631A}.Release|Any CPU.ActiveCfg = Release|Any CPU
		{367A4515-DFCD-55D1-0066-EB84C1AB631A}.Release|Any CPU.Build.0 = Release|Any CPU
	EndGlobalSection
	GlobalSection(SolutionProperties) = preSolution
		HideSolutionNode = FALSE
	EndGlobalSection
	GlobalSection(MonoDevelopProperties) = preSolution
		StartupItem = Assembly-CSharp.csproj
	EndGlobalSection
EndGlobal
