
Microsoft Visual Studio Solution File, Format Version 11.00
# Visual Studio 2010
Project("{FAE04EC0-301F-11D3-BF4B-00C04F79EFBC}") = "watson test 2", "Assembly-CSharp.csproj", "{D23441DE-5A6A-2CA2-27CF-70A4F4A69AA5}"
EndProject
Project("{FAE04EC0-301F-11D3-BF4B-00C04F79EFBC}") = "watson test 2", "Assembly-CSharp-Editor.csproj", "{55A77B90-63D5-5A31-3428-DF07BACF92E0}"
EndProject
Global
	GlobalSection(SolutionConfigurationPlatforms) = preSolution
		Debug|Any CPU = Debug|Any CPU
		Release|Any CPU = Release|Any CPU
	EndGlobalSection
	GlobalSection(ProjectConfigurationPlatforms) = postSolution
		{D23441DE-5A6A-2CA2-27CF-70A4F4A69AA5}.Debug|Any CPU.ActiveCfg = Debug|Any CPU
		{D23441DE-5A6A-2CA2-27CF-70A4F4A69AA5}.Debug|Any CPU.Build.0 = Debug|Any CPU
		{D23441DE-5A6A-2CA2-27CF-70A4F4A69AA5}.Release|Any CPU.ActiveCfg = Release|Any CPU
		{D23441DE-5A6A-2CA2-27CF-70A4F4A69AA5}.Release|Any CPU.Build.0 = Release|Any CPU
		{55A77B90-63D5-5A31-3428-DF07BACF92E0}.Debug|Any CPU.ActiveCfg = Debug|Any CPU
		{55A77B90-63D5-5A31-3428-DF07BACF92E0}.Debug|Any CPU.Build.0 = Debug|Any CPU
		{55A77B90-63D5-5A31-3428-DF07BACF92E0}.Release|Any CPU.ActiveCfg = Release|Any CPU
		{55A77B90-63D5-5A31-3428-DF07BACF92E0}.Release|Any CPU.Build.0 = Release|Any CPU
	EndGlobalSection
	GlobalSection(SolutionProperties) = preSolution
		HideSolutionNode = FALSE
	EndGlobalSection
	GlobalSection(MonoDevelopProperties) = preSolution
		StartupItem = Assembly-CSharp.csproj
	EndGlobalSection
EndGlobal
